
Microsoft Visual Studio Solution File, Format Version 12.00
# Visual Studio Version 16
VisualStudioVersion = 16.0.31129.286
MinimumVisualStudioVersion = 10.0.40219.1
Project("{FAE04EC0-301F-11D3-BF4B-00C04F79EFBC}") = "counter", "counter\counter.csproj", "{77F747CF-86EB-44F0-A65B-A726AF6C0087}"
EndProject
Global
	GlobalSection(SolutionConfigurationPlatforms) = preSolution
		Debug|Any CPU = Debug|Any CPU
		Release|Any CPU = Release|Any CPU
	EndGlobalSection
	GlobalSection(ProjectConfigurationPlatforms) = postSolution
		{77F747CF-86EB-44F0-A65B-A726AF6C0087}.Debug|Any CPU.ActiveCfg = Debug|Any CPU
		{77F747CF-86EB-44F0-A65B-A726AF6C0087}.Debug|Any CPU.Build.0 = Debug|Any CPU
		{77F747CF-86EB-44F0-A65B-A726AF6C0087}.Release|Any CPU.ActiveCfg = Release|Any CPU
		{77F747CF-86EB-44F0-A65B-A726AF6C0087}.Release|Any CPU.Build.0 = Release|Any CPU
	EndGlobalSection
	GlobalSection(SolutionProperties) = preSolution
		HideSolutionNode = FALSE
	EndGlobalSection
	GlobalSection(ExtensibilityGlobals) = postSolution
		SolutionGuid = {BEAABA88-9271-47DA-AC62-94D2F155CC5C}
	EndGlobalSection
EndGlobal
